// !$*UTF8*$!
{
	archiveVersion = 1;
	classes = {
	};
	objectVersion = 50;
	objects = {

/* Begin PBXBuildFile section */
		690F4A6625AE07B700829B88 /* FlashCard+Extensions.swift in Sources */ = {isa = PBXBuildFile; fileRef = 690F4A6525AE07B700829B88 /* FlashCard+Extensions.swift */; };
		690F4A6B25AE096C00829B88 /* DependencyManager.swift in Sources */ = {isa = PBXBuildFile; fileRef = 690F4A6A25AE096C00829B88 /* DependencyManager.swift */; };
		690F4A7125AE72F900829B88 /* FlashCardFactory.swift in Sources */ = {isa = PBXBuildFile; fileRef = 690F4A7025AE72F900829B88 /* FlashCardFactory.swift */; };
		690F4A8925AE854100829B88 /* ViewModels.swift in Sources */ = {isa = PBXBuildFile; fileRef = 690F4A8825AE854100829B88 /* ViewModels.swift */; };
		690F4A9225AE864800829B88 /* FlashCardCoreDataDatabase.swift in Sources */ = {isa = PBXBuildFile; fileRef = 690F4A9125AE864800829B88 /* FlashCardCoreDataDatabase.swift */; };
		690F4A9A25AE869100829B88 /* Database.swift in Sources */ = {isa = PBXBuildFile; fileRef = 690F4A9925AE869100829B88 /* Database.swift */; };
		6955CC0E25A4AE3B00F38F3D /* FlashCardApp.xcdatamodeld in Resources */ = {isa = PBXBuildFile; fileRef = 6968A8EC25A369F80091CCA2 /* FlashCardApp.xcdatamodeld */; };
		6968A8E225A369EA0091CCA2 /* FlashCardApp.swift in Sources */ = {isa = PBXBuildFile; fileRef = 6968A8E125A369EA0091CCA2 /* FlashCardApp.swift */; };
		6968A8E425A369EA0091CCA2 /* HomePageView.swift in Sources */ = {isa = PBXBuildFile; fileRef = 6968A8E325A369EA0091CCA2 /* HomePageView.swift */; };
		6968A8E625A369F80091CCA2 /* Assets.xcassets in Resources */ = {isa = PBXBuildFile; fileRef = 6968A8E525A369F80091CCA2 /* Assets.xcassets */; };
		6968A8E925A369F80091CCA2 /* Preview Assets.xcassets in Resources */ = {isa = PBXBuildFile; fileRef = 6968A8E825A369F80091CCA2 /* Preview Assets.xcassets */; };
		6968A8F925A369F90091CCA2 /* FlashCardAppTests.swift in Sources */ = {isa = PBXBuildFile; fileRef = 6968A8F825A369F90091CCA2 /* FlashCardAppTests.swift */; };
		6968A90425A369F90091CCA2 /* FlashCardAppUITests.swift in Sources */ = {isa = PBXBuildFile; fileRef = 6968A90325A369F90091CCA2 /* FlashCardAppUITests.swift */; };
		6968A91525A418080091CCA2 /* FlashCardView.swift in Sources */ = {isa = PBXBuildFile; fileRef = 6968A91425A418080091CCA2 /* FlashCardView.swift */; };
		69999A7F25B192CE00CC3C6D /* CDBase+CoreDataClass.swift in Sources */ = {isa = PBXBuildFile; fileRef = 69999A7325B192CE00CC3C6D /* CDBase+CoreDataClass.swift */; };
		69999A8025B192CE00CC3C6D /* CDBase+CoreDataProperties.swift in Sources */ = {isa = PBXBuildFile; fileRef = 69999A7425B192CE00CC3C6D /* CDBase+CoreDataProperties.swift */; };
		69999A8125B192CE00CC3C6D /* CDFlashCardQuestion+CoreDataClass.swift in Sources */ = {isa = PBXBuildFile; fileRef = 69999A7525B192CE00CC3C6D /* CDFlashCardQuestion+CoreDataClass.swift */; };
		69999A8225B192CE00CC3C6D /* CDFlashCardQuestion+CoreDataProperties.swift in Sources */ = {isa = PBXBuildFile; fileRef = 69999A7625B192CE00CC3C6D /* CDFlashCardQuestion+CoreDataProperties.swift */; };
		69999A8325B192CE00CC3C6D /* CDFlashCardAnswer+CoreDataClass.swift in Sources */ = {isa = PBXBuildFile; fileRef = 69999A7725B192CE00CC3C6D /* CDFlashCardAnswer+CoreDataClass.swift */; };
		69999A8425B192CE00CC3C6D /* CDFlashCardAnswer+CoreDataProperties.swift in Sources */ = {isa = PBXBuildFile; fileRef = 69999A7825B192CE00CC3C6D /* CDFlashCardAnswer+CoreDataProperties.swift */; };
		69999A8525B192CE00CC3C6D /* CDTag+CoreDataClass.swift in Sources */ = {isa = PBXBuildFile; fileRef = 69999A7925B192CE00CC3C6D /* CDTag+CoreDataClass.swift */; };
		69999A8625B192CE00CC3C6D /* CDTag+CoreDataProperties.swift in Sources */ = {isa = PBXBuildFile; fileRef = 69999A7A25B192CE00CC3C6D /* CDTag+CoreDataProperties.swift */; };
		69999A8725B192CE00CC3C6D /* CDFlashCardPart+CoreDataClass.swift in Sources */ = {isa = PBXBuildFile; fileRef = 69999A7B25B192CE00CC3C6D /* CDFlashCardPart+CoreDataClass.swift */; };
		69999A8825B192CE00CC3C6D /* CDFlashCardPart+CoreDataProperties.swift in Sources */ = {isa = PBXBuildFile; fileRef = 69999A7C25B192CE00CC3C6D /* CDFlashCardPart+CoreDataProperties.swift */; };
		69999A8925B192CE00CC3C6D /* CDFlashCard+CoreDataClass.swift in Sources */ = {isa = PBXBuildFile; fileRef = 69999A7D25B192CE00CC3C6D /* CDFlashCard+CoreDataClass.swift */; };
		69999A8A25B192CE00CC3C6D /* CDFlashCard+CoreDataProperties.swift in Sources */ = {isa = PBXBuildFile; fileRef = 69999A7E25B192CE00CC3C6D /* CDFlashCard+CoreDataProperties.swift */; };
		69999A9225B193AD00CC3C6D /* ModelBridge.swift in Sources */ = {isa = PBXBuildFile; fileRef = 69999A9125B193AD00CC3C6D /* ModelBridge.swift */; };
/* End PBXBuildFile section */

/* Begin PBXContainerItemProxy section */
		6968A8F525A369F90091CCA2 /* PBXContainerItemProxy */ = {
			isa = PBXContainerItemProxy;
			containerPortal = 6968A8D625A369EA0091CCA2 /* Project object */;
			proxyType = 1;
			remoteGlobalIDString = 6968A8DD25A369EA0091CCA2;
			remoteInfo = FlashCardApp;
		};
		6968A90025A369F90091CCA2 /* PBXContainerItemProxy */ = {
			isa = PBXContainerItemProxy;
			containerPortal = 6968A8D625A369EA0091CCA2 /* Project object */;
			proxyType = 1;
			remoteGlobalIDString = 6968A8DD25A369EA0091CCA2;
			remoteInfo = FlashCardApp;
		};
/* End PBXContainerItemProxy section */

/* Begin PBXFileReference section */
		690F4A6525AE07B700829B88 /* FlashCard+Extensions.swift */ = {isa = PBXFileReference; lastKnownFileType = sourcecode.swift; path = "FlashCard+Extensions.swift"; sourceTree = "<group>"; };
		690F4A6A25AE096C00829B88 /* DependencyManager.swift */ = {isa = PBXFileReference; lastKnownFileType = sourcecode.swift; path = DependencyManager.swift; sourceTree = "<group>"; };
		690F4A7025AE72F900829B88 /* FlashCardFactory.swift */ = {isa = PBXFileReference; lastKnownFileType = sourcecode.swift; path = FlashCardFactory.swift; sourceTree = "<group>"; };
		690F4A8825AE854100829B88 /* ViewModels.swift */ = {isa = PBXFileReference; lastKnownFileType = sourcecode.swift; path = ViewModels.swift; sourceTree = "<group>"; };
		690F4A9125AE864800829B88 /* FlashCardCoreDataDatabase.swift */ = {isa = PBXFileReference; lastKnownFileType = sourcecode.swift; path = FlashCardCoreDataDatabase.swift; sourceTree = "<group>"; };
		690F4A9925AE869100829B88 /* Database.swift */ = {isa = PBXFileReference; lastKnownFileType = sourcecode.swift; path = Database.swift; sourceTree = "<group>"; };
		6968A8DE25A369EA0091CCA2 /* FlashCardApp.app */ = {isa = PBXFileReference; explicitFileType = wrapper.application; includeInIndex = 0; path = FlashCardApp.app; sourceTree = BUILT_PRODUCTS_DIR; };
		6968A8E125A369EA0091CCA2 /* FlashCardApp.swift */ = {isa = PBXFileReference; lastKnownFileType = sourcecode.swift; path = FlashCardApp.swift; sourceTree = "<group>"; };
		6968A8E325A369EA0091CCA2 /* HomePageView.swift */ = {isa = PBXFileReference; lastKnownFileType = sourcecode.swift; path = HomePageView.swift; sourceTree = "<group>"; };
		6968A8E525A369F80091CCA2 /* Assets.xcassets */ = {isa = PBXFileReference; lastKnownFileType = folder.assetcatalog; path = Assets.xcassets; sourceTree = "<group>"; };
		6968A8E825A369F80091CCA2 /* Preview Assets.xcassets */ = {isa = PBXFileReference; lastKnownFileType = folder.assetcatalog; path = "Preview Assets.xcassets"; sourceTree = "<group>"; };
		6968A8ED25A369F80091CCA2 /* FlashCardApp.xcdatamodel */ = {isa = PBXFileReference; lastKnownFileType = wrapper.xcdatamodel; path = FlashCardApp.xcdatamodel; sourceTree = "<group>"; };
		6968A8EF25A369F80091CCA2 /* Info.plist */ = {isa = PBXFileReference; lastKnownFileType = text.plist.xml; path = Info.plist; sourceTree = "<group>"; };
		6968A8F425A369F90091CCA2 /* FlashCardAppTests.xctest */ = {isa = PBXFileReference; explicitFileType = wrapper.cfbundle; includeInIndex = 0; path = FlashCardAppTests.xctest; sourceTree = BUILT_PRODUCTS_DIR; };
		6968A8F825A369F90091CCA2 /* FlashCardAppTests.swift */ = {isa = PBXFileReference; lastKnownFileType = sourcecode.swift; path = FlashCardAppTests.swift; sourceTree = "<group>"; };
		6968A8FA25A369F90091CCA2 /* Info.plist */ = {isa = PBXFileReference; lastKnownFileType = text.plist.xml; path = Info.plist; sourceTree = "<group>"; };
		6968A8FF25A369F90091CCA2 /* FlashCardAppUITests.xctest */ = {isa = PBXFileReference; explicitFileType = wrapper.cfbundle; includeInIndex = 0; path = FlashCardAppUITests.xctest; sourceTree = BUILT_PRODUCTS_DIR; };
		6968A90325A369F90091CCA2 /* FlashCardAppUITests.swift */ = {isa = PBXFileReference; lastKnownFileType = sourcecode.swift; path = FlashCardAppUITests.swift; sourceTree = "<group>"; };
		6968A90525A369F90091CCA2 /* Info.plist */ = {isa = PBXFileReference; lastKnownFileType = text.plist.xml; path = Info.plist; sourceTree = "<group>"; };
		6968A91425A418080091CCA2 /* FlashCardView.swift */ = {isa = PBXFileReference; lastKnownFileType = sourcecode.swift; path = FlashCardView.swift; sourceTree = "<group>"; };
		69999A7325B192CE00CC3C6D /* CDBase+CoreDataClass.swift */ = {isa = PBXFileReference; lastKnownFileType = sourcecode.swift; name = "CDBase+CoreDataClass.swift"; path = "FlashCardApp/CoreDataModel/CDBase+CoreDataClass.swift"; sourceTree = "<group>"; };
		69999A7425B192CE00CC3C6D /* CDBase+CoreDataProperties.swift */ = {isa = PBXFileReference; lastKnownFileType = sourcecode.swift; name = "CDBase+CoreDataProperties.swift"; path = "FlashCardApp/CoreDataModel/CDBase+CoreDataProperties.swift"; sourceTree = "<group>"; };
		69999A7525B192CE00CC3C6D /* CDFlashCardQuestion+CoreDataClass.swift */ = {isa = PBXFileReference; lastKnownFileType = sourcecode.swift; name = "CDFlashCardQuestion+CoreDataClass.swift"; path = "FlashCardApp/CoreDataModel/CDFlashCardQuestion+CoreDataClass.swift"; sourceTree = "<group>"; };
		69999A7625B192CE00CC3C6D /* CDFlashCardQuestion+CoreDataProperties.swift */ = {isa = PBXFileReference; lastKnownFileType = sourcecode.swift; name = "CDFlashCardQuestion+CoreDataProperties.swift"; path = "FlashCardApp/CoreDataModel/CDFlashCardQuestion+CoreDataProperties.swift"; sourceTree = "<group>"; };
		69999A7725B192CE00CC3C6D /* CDFlashCardAnswer+CoreDataClass.swift */ = {isa = PBXFileReference; lastKnownFileType = sourcecode.swift; name = "CDFlashCardAnswer+CoreDataClass.swift"; path = "FlashCardApp/CoreDataModel/CDFlashCardAnswer+CoreDataClass.swift"; sourceTree = "<group>"; };
		69999A7825B192CE00CC3C6D /* CDFlashCardAnswer+CoreDataProperties.swift */ = {isa = PBXFileReference; lastKnownFileType = sourcecode.swift; name = "CDFlashCardAnswer+CoreDataProperties.swift"; path = "FlashCardApp/CoreDataModel/CDFlashCardAnswer+CoreDataProperties.swift"; sourceTree = "<group>"; };
		69999A7925B192CE00CC3C6D /* CDTag+CoreDataClass.swift */ = {isa = PBXFileReference; lastKnownFileType = sourcecode.swift; name = "CDTag+CoreDataClass.swift"; path = "FlashCardApp/CoreDataModel/CDTag+CoreDataClass.swift"; sourceTree = "<group>"; };
		69999A7A25B192CE00CC3C6D /* CDTag+CoreDataProperties.swift */ = {isa = PBXFileReference; lastKnownFileType = sourcecode.swift; name = "CDTag+CoreDataProperties.swift"; path = "FlashCardApp/CoreDataModel/CDTag+CoreDataProperties.swift"; sourceTree = "<group>"; };
		69999A7B25B192CE00CC3C6D /* CDFlashCardPart+CoreDataClass.swift */ = {isa = PBXFileReference; lastKnownFileType = sourcecode.swift; name = "CDFlashCardPart+CoreDataClass.swift"; path = "FlashCardApp/CoreDataModel/CDFlashCardPart+CoreDataClass.swift"; sourceTree = "<group>"; };
		69999A7C25B192CE00CC3C6D /* CDFlashCardPart+CoreDataProperties.swift */ = {isa = PBXFileReference; lastKnownFileType = sourcecode.swift; name = "CDFlashCardPart+CoreDataProperties.swift"; path = "FlashCardApp/CoreDataModel/CDFlashCardPart+CoreDataProperties.swift"; sourceTree = "<group>"; };
		69999A7D25B192CE00CC3C6D /* CDFlashCard+CoreDataClass.swift */ = {isa = PBXFileReference; lastKnownFileType = sourcecode.swift; name = "CDFlashCard+CoreDataClass.swift"; path = "FlashCardApp/CoreDataModel/CDFlashCard+CoreDataClass.swift"; sourceTree = "<group>"; };
		69999A7E25B192CE00CC3C6D /* CDFlashCard+CoreDataProperties.swift */ = {isa = PBXFileReference; lastKnownFileType = sourcecode.swift; name = "CDFlashCard+CoreDataProperties.swift"; path = "FlashCardApp/CoreDataModel/CDFlashCard+CoreDataProperties.swift"; sourceTree = "<group>"; };
		69999A9125B193AD00CC3C6D /* ModelBridge.swift */ = {isa = PBXFileReference; lastKnownFileType = sourcecode.swift; path = ModelBridge.swift; sourceTree = "<group>"; };
/* End PBXFileReference section */

/* Begin PBXFrameworksBuildPhase section */
		6968A8DB25A369EA0091CCA2 /* Frameworks */ = {
			isa = PBXFrameworksBuildPhase;
			buildActionMask = 2147483647;
			files = (
			);
			runOnlyForDeploymentPostprocessing = 0;
		};
		6968A8F125A369F90091CCA2 /* Frameworks */ = {
			isa = PBXFrameworksBuildPhase;
			buildActionMask = 2147483647;
			files = (
			);
			runOnlyForDeploymentPostprocessing = 0;
		};
		6968A8FC25A369F90091CCA2 /* Frameworks */ = {
			isa = PBXFrameworksBuildPhase;
			buildActionMask = 2147483647;
			files = (
			);
			runOnlyForDeploymentPostprocessing = 0;
		};
/* End PBXFrameworksBuildPhase section */

/* Begin PBXGroup section */
		690F4A6F25AE72E500829B88 /* Factory */ = {
			isa = PBXGroup;
			children = (
				690F4A7025AE72F900829B88 /* FlashCardFactory.swift */,
			);
			path = Factory;
			sourceTree = "<group>";
		};
		690F4A8625AE851700829B88 /* Model */ = {
			isa = PBXGroup;
			children = (
				690F4A8825AE854100829B88 /* ViewModels.swift */,
			);
			path = Model;
			sourceTree = "<group>";
		};
		690F4A9025AE863200829B88 /* Database */ = {
			isa = PBXGroup;
			children = (
				69BC45D525A4AC9200624B59 /* CoreDataModelExtensions */,
				690F4A9925AE869100829B88 /* Database.swift */,
			);
			path = Database;
			sourceTree = "<group>";
		};
		6968A8D525A369EA0091CCA2 = {
			isa = PBXGroup;
			children = (
				69999A7325B192CE00CC3C6D /* CDBase+CoreDataClass.swift */,
				69999A7425B192CE00CC3C6D /* CDBase+CoreDataProperties.swift */,
				69999A7525B192CE00CC3C6D /* CDFlashCardQuestion+CoreDataClass.swift */,
				69999A7625B192CE00CC3C6D /* CDFlashCardQuestion+CoreDataProperties.swift */,
				69999A7725B192CE00CC3C6D /* CDFlashCardAnswer+CoreDataClass.swift */,
				69999A7825B192CE00CC3C6D /* CDFlashCardAnswer+CoreDataProperties.swift */,
				69999A7925B192CE00CC3C6D /* CDTag+CoreDataClass.swift */,
				69999A7A25B192CE00CC3C6D /* CDTag+CoreDataProperties.swift */,
				69999A7B25B192CE00CC3C6D /* CDFlashCardPart+CoreDataClass.swift */,
				69999A7C25B192CE00CC3C6D /* CDFlashCardPart+CoreDataProperties.swift */,
				69999A7D25B192CE00CC3C6D /* CDFlashCard+CoreDataClass.swift */,
				69999A7E25B192CE00CC3C6D /* CDFlashCard+CoreDataProperties.swift */,
				6968A8E025A369EA0091CCA2 /* FlashCardApp */,
				6968A8F725A369F90091CCA2 /* FlashCardAppTests */,
				6968A90225A369F90091CCA2 /* FlashCardAppUITests */,
				6968A8DF25A369EA0091CCA2 /* Products */,
			);
			sourceTree = "<group>";
		};
		6968A8DF25A369EA0091CCA2 /* Products */ = {
			isa = PBXGroup;
			children = (
				6968A8DE25A369EA0091CCA2 /* FlashCardApp.app */,
				6968A8F425A369F90091CCA2 /* FlashCardAppTests.xctest */,
				6968A8FF25A369F90091CCA2 /* FlashCardAppUITests.xctest */,
			);
			name = Products;
			sourceTree = "<group>";
		};
		6968A8E025A369EA0091CCA2 /* FlashCardApp */ = {
			isa = PBXGroup;
			children = (
				690F4A9025AE863200829B88 /* Database */,
				690F4A6A25AE096C00829B88 /* DependencyManager.swift */,
				690F4A8625AE851700829B88 /* Model */,
				690F4A6F25AE72E500829B88 /* Factory */,
				6968A91925A418100091CCA2 /* View */,
				6968A8E125A369EA0091CCA2 /* FlashCardApp.swift */,
				6968A8E525A369F80091CCA2 /* Assets.xcassets */,
				6968A8EF25A369F80091CCA2 /* Info.plist */,
				6968A8EC25A369F80091CCA2 /* FlashCardApp.xcdatamodeld */,
				6968A8E725A369F80091CCA2 /* Preview Content */,
			);
			path = FlashCardApp;
			sourceTree = "<group>";
		};
		6968A8E725A369F80091CCA2 /* Preview Content */ = {
			isa = PBXGroup;
			children = (
				6968A8E825A369F80091CCA2 /* Preview Assets.xcassets */,
			);
			path = "Preview Content";
			sourceTree = "<group>";
		};
		6968A8F725A369F90091CCA2 /* FlashCardAppTests */ = {
			isa = PBXGroup;
			children = (
				6968A8F825A369F90091CCA2 /* FlashCardAppTests.swift */,
				6968A8FA25A369F90091CCA2 /* Info.plist */,
			);
			path = FlashCardAppTests;
			sourceTree = "<group>";
		};
		6968A90225A369F90091CCA2 /* FlashCardAppUITests */ = {
			isa = PBXGroup;
			children = (
				6968A90325A369F90091CCA2 /* FlashCardAppUITests.swift */,
				6968A90525A369F90091CCA2 /* Info.plist */,
			);
			path = FlashCardAppUITests;
			sourceTree = "<group>";
		};
		6968A91925A418100091CCA2 /* View */ = {
			isa = PBXGroup;
			children = (
				6968A8E325A369EA0091CCA2 /* HomePageView.swift */,
				6968A91425A418080091CCA2 /* FlashCardView.swift */,
			);
			path = View;
			sourceTree = "<group>";
		};
		69BC45D525A4AC9200624B59 /* CoreDataModelExtensions */ = {
			isa = PBXGroup;
			children = (
				690F4A9125AE864800829B88 /* FlashCardCoreDataDatabase.swift */,
				69999A9125B193AD00CC3C6D /* ModelBridge.swift */,
				690F4A6525AE07B700829B88 /* FlashCard+Extensions.swift */,
			);
			path = CoreDataModelExtensions;
			sourceTree = "<group>";
		};
/* End PBXGroup section */

/* Begin PBXNativeTarget section */
		6968A8DD25A369EA0091CCA2 /* FlashCardApp */ = {
			isa = PBXNativeTarget;
			buildConfigurationList = 6968A90825A369F90091CCA2 /* Build configuration list for PBXNativeTarget "FlashCardApp" */;
			buildPhases = (
				6968A8DA25A369EA0091CCA2 /* Sources */,
				6968A8DB25A369EA0091CCA2 /* Frameworks */,
				6968A8DC25A369EA0091CCA2 /* Resources */,
			);
			buildRules = (
			);
			dependencies = (
			);
			name = FlashCardApp;
			productName = FlashCardApp;
			productReference = 6968A8DE25A369EA0091CCA2 /* FlashCardApp.app */;
			productType = "com.apple.product-type.application";
		};
		6968A8F325A369F90091CCA2 /* FlashCardAppTests */ = {
			isa = PBXNativeTarget;
			buildConfigurationList = 6968A90B25A369F90091CCA2 /* Build configuration list for PBXNativeTarget "FlashCardAppTests" */;
			buildPhases = (
				6968A8F025A369F90091CCA2 /* Sources */,
				6968A8F125A369F90091CCA2 /* Frameworks */,
				6968A8F225A369F90091CCA2 /* Resources */,
			);
			buildRules = (
			);
			dependencies = (
				6968A8F625A369F90091CCA2 /* PBXTargetDependency */,
			);
			name = FlashCardAppTests;
			productName = FlashCardAppTests;
			productReference = 6968A8F425A369F90091CCA2 /* FlashCardAppTests.xctest */;
			productType = "com.apple.product-type.bundle.unit-test";
		};
		6968A8FE25A369F90091CCA2 /* FlashCardAppUITests */ = {
			isa = PBXNativeTarget;
			buildConfigurationList = 6968A90E25A369F90091CCA2 /* Build configuration list for PBXNativeTarget "FlashCardAppUITests" */;
			buildPhases = (
				6968A8FB25A369F90091CCA2 /* Sources */,
				6968A8FC25A369F90091CCA2 /* Frameworks */,
				6968A8FD25A369F90091CCA2 /* Resources */,
			);
			buildRules = (
			);
			dependencies = (
				6968A90125A369F90091CCA2 /* PBXTargetDependency */,
			);
			name = FlashCardAppUITests;
			productName = FlashCardAppUITests;
			productReference = 6968A8FF25A369F90091CCA2 /* FlashCardAppUITests.xctest */;
			productType = "com.apple.product-type.bundle.ui-testing";
		};
/* End PBXNativeTarget section */

/* Begin PBXProject section */
		6968A8D625A369EA0091CCA2 /* Project object */ = {
			isa = PBXProject;
			attributes = {
				LastSwiftUpdateCheck = 1230;
				LastUpgradeCheck = 1230;
				TargetAttributes = {
					6968A8DD25A369EA0091CCA2 = {
						CreatedOnToolsVersion = 12.3;
					};
					6968A8F325A369F90091CCA2 = {
						CreatedOnToolsVersion = 12.3;
						TestTargetID = 6968A8DD25A369EA0091CCA2;
					};
					6968A8FE25A369F90091CCA2 = {
						CreatedOnToolsVersion = 12.3;
						TestTargetID = 6968A8DD25A369EA0091CCA2;
					};
				};
			};
			buildConfigurationList = 6968A8D925A369EA0091CCA2 /* Build configuration list for PBXProject "FlashCardApp" */;
			compatibilityVersion = "Xcode 9.3";
			developmentRegion = en;
			hasScannedForEncodings = 0;
			knownRegions = (
				en,
				Base,
			);
			mainGroup = 6968A8D525A369EA0091CCA2;
			productRefGroup = 6968A8DF25A369EA0091CCA2 /* Products */;
			projectDirPath = "";
			projectRoot = "";
			targets = (
				6968A8DD25A369EA0091CCA2 /* FlashCardApp */,
				6968A8F325A369F90091CCA2 /* FlashCardAppTests */,
				6968A8FE25A369F90091CCA2 /* FlashCardAppUITests */,
			);
		};
/* End PBXProject section */

/* Begin PBXResourcesBuildPhase section */
		6968A8DC25A369EA0091CCA2 /* Resources */ = {
			isa = PBXResourcesBuildPhase;
			buildActionMask = 2147483647;
			files = (
				6955CC0E25A4AE3B00F38F3D /* FlashCardApp.xcdatamodeld in Resources */,
				6968A8E925A369F80091CCA2 /* Preview Assets.xcassets in Resources */,
				6968A8E625A369F80091CCA2 /* Assets.xcassets in Resources */,
			);
			runOnlyForDeploymentPostprocessing = 0;
		};
		6968A8F225A369F90091CCA2 /* Resources */ = {
			isa = PBXResourcesBuildPhase;
			buildActionMask = 2147483647;
			files = (
			);
			runOnlyForDeploymentPostprocessing = 0;
		};
		6968A8FD25A369F90091CCA2 /* Resources */ = {
			isa = PBXResourcesBuildPhase;
			buildActionMask = 2147483647;
			files = (
			);
			runOnlyForDeploymentPostprocessing = 0;
		};
/* End PBXResourcesBuildPhase section */

/* Begin PBXSourcesBuildPhase section */
		6968A8DA25A369EA0091CCA2 /* Sources */ = {
			isa = PBXSourcesBuildPhase;
			buildActionMask = 2147483647;
			files = (
				69999A9225B193AD00CC3C6D /* ModelBridge.swift in Sources */,
				69999A8825B192CE00CC3C6D /* CDFlashCardPart+CoreDataProperties.swift in Sources */,
				69999A8125B192CE00CC3C6D /* CDFlashCardQuestion+CoreDataClass.swift in Sources */,
				6968A8E425A369EA0091CCA2 /* HomePageView.swift in Sources */,
				69999A8A25B192CE00CC3C6D /* CDFlashCard+CoreDataProperties.swift in Sources */,
				690F4A9A25AE869100829B88 /* Database.swift in Sources */,
				69999A8225B192CE00CC3C6D /* CDFlashCardQuestion+CoreDataProperties.swift in Sources */,
				69999A8325B192CE00CC3C6D /* CDFlashCardAnswer+CoreDataClass.swift in Sources */,
				690F4A6625AE07B700829B88 /* FlashCard+Extensions.swift in Sources */,
				69999A8025B192CE00CC3C6D /* CDBase+CoreDataProperties.swift in Sources */,
				69999A7F25B192CE00CC3C6D /* CDBase+CoreDataClass.swift in Sources */,
				6968A91525A418080091CCA2 /* FlashCardView.swift in Sources */,
				690F4A9225AE864800829B88 /* FlashCardCoreDataDatabase.swift in Sources */,
				6968A8E225A369EA0091CCA2 /* FlashCardApp.swift in Sources */,
				69999A8925B192CE00CC3C6D /* CDFlashCard+CoreDataClass.swift in Sources */,
				690F4A8925AE854100829B88 /* ViewModels.swift in Sources */,
				69999A8525B192CE00CC3C6D /* CDTag+CoreDataClass.swift in Sources */,
				69999A8725B192CE00CC3C6D /* CDFlashCardPart+CoreDataClass.swift in Sources */,
				690F4A7125AE72F900829B88 /* FlashCardFactory.swift in Sources */,
				69999A8625B192CE00CC3C6D /* CDTag+CoreDataProperties.swift in Sources */,
				690F4A6B25AE096C00829B88 /* DependencyManager.swift in Sources */,
				69999A8425B192CE00CC3C6D /* CDFlashCardAnswer+CoreDataProperties.swift in Sources */,
			);
			runOnlyForDeploymentPostprocessing = 0;
		};
		6968A8F025A369F90091CCA2 /* Sources */ = {
			isa = PBXSourcesBuildPhase;
			buildActionMask = 2147483647;
			files = (
				6968A8F925A369F90091CCA2 /* FlashCardAppTests.swift in Sources */,
			);
			runOnlyForDeploymentPostprocessing = 0;
		};
		6968A8FB25A369F90091CCA2 /* Sources */ = {
			isa = PBXSourcesBuildPhase;
			buildActionMask = 2147483647;
			files = (
				6968A90425A369F90091CCA2 /* FlashCardAppUITests.swift in Sources */,
			);
			runOnlyForDeploymentPostprocessing = 0;
		};
/* End PBXSourcesBuildPhase section */

/* Begin PBXTargetDependency section */
		6968A8F625A369F90091CCA2 /* PBXTargetDependency */ = {
			isa = PBXTargetDependency;
			target = 6968A8DD25A369EA0091CCA2 /* FlashCardApp */;
			targetProxy = 6968A8F525A369F90091CCA2 /* PBXContainerItemProxy */;
		};
		6968A90125A369F90091CCA2 /* PBXTargetDependency */ = {
			isa = PBXTargetDependency;
			target = 6968A8DD25A369EA0091CCA2 /* FlashCardApp */;
			targetProxy = 6968A90025A369F90091CCA2 /* PBXContainerItemProxy */;
		};
/* End PBXTargetDependency section */

/* Begin XCBuildConfiguration section */
		6968A90625A369F90091CCA2 /* Debug */ = {
			isa = XCBuildConfiguration;
			buildSettings = {
				ALWAYS_SEARCH_USER_PATHS = NO;
				CLANG_ANALYZER_NONNULL = YES;
				CLANG_ANALYZER_NUMBER_OBJECT_CONVERSION = YES_AGGRESSIVE;
				CLANG_CXX_LANGUAGE_STANDARD = "gnu++14";
				CLANG_CXX_LIBRARY = "libc++";
				CLANG_ENABLE_MODULES = YES;
				CLANG_ENABLE_OBJC_ARC = YES;
				CLANG_ENABLE_OBJC_WEAK = YES;
				CLANG_WARN_BLOCK_CAPTURE_AUTORELEASING = YES;
				CLANG_WARN_BOOL_CONVERSION = YES;
				CLANG_WARN_COMMA = YES;
				CLANG_WARN_CONSTANT_CONVERSION = YES;
				CLANG_WARN_DEPRECATED_OBJC_IMPLEMENTATIONS = YES;
				CLANG_WARN_DIRECT_OBJC_ISA_USAGE = YES_ERROR;
				CLANG_WARN_DOCUMENTATION_COMMENTS = YES;
				CLANG_WARN_EMPTY_BODY = YES;
				CLANG_WARN_ENUM_CONVERSION = YES;
				CLANG_WARN_INFINITE_RECURSION = YES;
				CLANG_WARN_INT_CONVERSION = YES;
				CLANG_WARN_NON_LITERAL_NULL_CONVERSION = YES;
				CLANG_WARN_OBJC_IMPLICIT_RETAIN_SELF = YES;
				CLANG_WARN_OBJC_LITERAL_CONVERSION = YES;
				CLANG_WARN_OBJC_ROOT_CLASS = YES_ERROR;
				CLANG_WARN_QUOTED_INCLUDE_IN_FRAMEWORK_HEADER = YES;
				CLANG_WARN_RANGE_LOOP_ANALYSIS = YES;
				CLANG_WARN_STRICT_PROTOTYPES = YES;
				CLANG_WARN_SUSPICIOUS_MOVE = YES;
				CLANG_WARN_UNGUARDED_AVAILABILITY = YES_AGGRESSIVE;
				CLANG_WARN_UNREACHABLE_CODE = YES;
				CLANG_WARN__DUPLICATE_METHOD_MATCH = YES;
				COPY_PHASE_STRIP = NO;
				DEBUG_INFORMATION_FORMAT = dwarf;
				ENABLE_STRICT_OBJC_MSGSEND = YES;
				ENABLE_TESTABILITY = YES;
				GCC_C_LANGUAGE_STANDARD = gnu11;
				GCC_DYNAMIC_NO_PIC = NO;
				GCC_NO_COMMON_BLOCKS = YES;
				GCC_OPTIMIZATION_LEVEL = 0;
				GCC_PREPROCESSOR_DEFINITIONS = (
					"DEBUG=1",
					"$(inherited)",
				);
				GCC_WARN_64_TO_32_BIT_CONVERSION = YES;
				GCC_WARN_ABOUT_RETURN_TYPE = YES_ERROR;
				GCC_WARN_UNDECLARED_SELECTOR = YES;
				GCC_WARN_UNINITIALIZED_AUTOS = YES_AGGRESSIVE;
				GCC_WARN_UNUSED_FUNCTION = YES;
				GCC_WARN_UNUSED_VARIABLE = YES;
				IPHONEOS_DEPLOYMENT_TARGET = 14.3;
				MTL_ENABLE_DEBUG_INFO = INCLUDE_SOURCE;
				MTL_FAST_MATH = YES;
				ONLY_ACTIVE_ARCH = YES;
				SDKROOT = iphoneos;
				SWIFT_ACTIVE_COMPILATION_CONDITIONS = DEBUG;
				SWIFT_OPTIMIZATION_LEVEL = "-Onone";
			};
			name = Debug;
		};
		6968A90725A369F90091CCA2 /* Release */ = {
			isa = XCBuildConfiguration;
			buildSettings = {
				ALWAYS_SEARCH_USER_PATHS = NO;
				CLANG_ANALYZER_NONNULL = YES;
				CLANG_ANALYZER_NUMBER_OBJECT_CONVERSION = YES_AGGRESSIVE;
				CLANG_CXX_LANGUAGE_STANDARD = "gnu++14";
				CLANG_CXX_LIBRARY = "libc++";
				CLANG_ENABLE_MODULES = YES;
				CLANG_ENABLE_OBJC_ARC = YES;
				CLANG_ENABLE_OBJC_WEAK = YES;
				CLANG_WARN_BLOCK_CAPTURE_AUTORELEASING = YES;
				CLANG_WARN_BOOL_CONVERSION = YES;
				CLANG_WARN_COMMA = YES;
				CLANG_WARN_CONSTANT_CONVERSION = YES;
				CLANG_WARN_DEPRECATED_OBJC_IMPLEMENTATIONS = YES;
				CLANG_WARN_DIRECT_OBJC_ISA_USAGE = YES_ERROR;
				CLANG_WARN_DOCUMENTATION_COMMENTS = YES;
				CLANG_WARN_EMPTY_BODY = YES;
				CLANG_WARN_ENUM_CONVERSION = YES;
				CLANG_WARN_INFINITE_RECURSION = YES;
				CLANG_WARN_INT_CONVERSION = YES;
				CLANG_WARN_NON_LITERAL_NULL_CONVERSION = YES;
				CLANG_WARN_OBJC_IMPLICIT_RETAIN_SELF = YES;
				CLANG_WARN_OBJC_LITERAL_CONVERSION = YES;
				CLANG_WARN_OBJC_ROOT_CLASS = YES_ERROR;
				CLANG_WARN_QUOTED_INCLUDE_IN_FRAMEWORK_HEADER = YES;
				CLANG_WARN_RANGE_LOOP_ANALYSIS = YES;
				CLANG_WARN_STRICT_PROTOTYPES = YES;
				CLANG_WARN_SUSPICIOUS_MOVE = YES;
				CLANG_WARN_UNGUARDED_AVAILABILITY = YES_AGGRESSIVE;
				CLANG_WARN_UNREACHABLE_CODE = YES;
				CLANG_WARN__DUPLICATE_METHOD_MATCH = YES;
				COPY_PHASE_STRIP = NO;
				DEBUG_INFORMATION_FORMAT = "dwarf-with-dsym";
				ENABLE_NS_ASSERTIONS = NO;
				ENABLE_STRICT_OBJC_MSGSEND = YES;
				GCC_C_LANGUAGE_STANDARD = gnu11;
				GCC_NO_COMMON_BLOCKS = YES;
				GCC_WARN_64_TO_32_BIT_CONVERSION = YES;
				GCC_WARN_ABOUT_RETURN_TYPE = YES_ERROR;
				GCC_WARN_UNDECLARED_SELECTOR = YES;
				GCC_WARN_UNINITIALIZED_AUTOS = YES_AGGRESSIVE;
				GCC_WARN_UNUSED_FUNCTION = YES;
				GCC_WARN_UNUSED_VARIABLE = YES;
				IPHONEOS_DEPLOYMENT_TARGET = 14.3;
				MTL_ENABLE_DEBUG_INFO = NO;
				MTL_FAST_MATH = YES;
				SDKROOT = iphoneos;
				SWIFT_COMPILATION_MODE = wholemodule;
				SWIFT_OPTIMIZATION_LEVEL = "-O";
				VALIDATE_PRODUCT = YES;
			};
			name = Release;
		};
		6968A90925A369F90091CCA2 /* Debug */ = {
			isa = XCBuildConfiguration;
			buildSettings = {
				ASSETCATALOG_COMPILER_APPICON_NAME = AppIcon;
				ASSETCATALOG_COMPILER_GLOBAL_ACCENT_COLOR_NAME = AccentColor;
				CODE_SIGN_STYLE = Automatic;
				DEVELOPMENT_ASSET_PATHS = "\"FlashCardApp/Preview Content\"";
				DEVELOPMENT_TEAM = 9SMXYTBRQ4;
				ENABLE_PREVIEWS = YES;
				INFOPLIST_FILE = FlashCardApp/Info.plist;
				IPHONEOS_DEPLOYMENT_TARGET = 14.0;
				LD_RUNPATH_SEARCH_PATHS = (
					"$(inherited)",
					"@executable_path/Frameworks",
				);
				PRODUCT_BUNDLE_IDENTIFIER = com.zisch.FlashCardApp;
				PRODUCT_NAME = "$(TARGET_NAME)";
				SWIFT_VERSION = 5.0;
				TARGETED_DEVICE_FAMILY = "1,2";
			};
			name = Debug;
		};
		6968A90A25A369F90091CCA2 /* Release */ = {
			isa = XCBuildConfiguration;
			buildSettings = {
				ASSETCATALOG_COMPILER_APPICON_NAME = AppIcon;
				ASSETCATALOG_COMPILER_GLOBAL_ACCENT_COLOR_NAME = AccentColor;
				CODE_SIGN_STYLE = Automatic;
				DEVELOPMENT_ASSET_PATHS = "\"FlashCardApp/Preview Content\"";
				DEVELOPMENT_TEAM = 9SMXYTBRQ4;
				ENABLE_PREVIEWS = YES;
				INFOPLIST_FILE = FlashCardApp/Info.plist;
				IPHONEOS_DEPLOYMENT_TARGET = 14.0;
				LD_RUNPATH_SEARCH_PATHS = (
					"$(inherited)",
					"@executable_path/Frameworks",
				);
				PRODUCT_BUNDLE_IDENTIFIER = com.zisch.FlashCardApp;
				PRODUCT_NAME = "$(TARGET_NAME)";
				SWIFT_VERSION = 5.0;
				TARGETED_DEVICE_FAMILY = "1,2";
			};
			name = Release;
		};
		6968A90C25A369F90091CCA2 /* Debug */ = {
			isa = XCBuildConfiguration;
			buildSettings = {
				ALWAYS_EMBED_SWIFT_STANDARD_LIBRARIES = YES;
				BUNDLE_LOADER = "$(TEST_HOST)";
				CODE_SIGN_STYLE = Automatic;
				DEVELOPMENT_TEAM = 9SMXYTBRQ4;
				INFOPLIST_FILE = FlashCardAppTests/Info.plist;
				IPHONEOS_DEPLOYMENT_TARGET = 14.0;
				LD_RUNPATH_SEARCH_PATHS = (
					"$(inherited)",
					"@executable_path/Frameworks",
					"@loader_path/Frameworks",
				);
				PRODUCT_BUNDLE_IDENTIFIER = com.zisch.FlashCardAppTests;
				PRODUCT_NAME = "$(TARGET_NAME)";
				SWIFT_VERSION = 5.0;
				TARGETED_DEVICE_FAMILY = "1,2";
				TEST_HOST = "$(BUILT_PRODUCTS_DIR)/FlashCardApp.app/FlashCardApp";
			};
			name = Debug;
		};
		6968A90D25A369F90091CCA2 /* Release */ = {
			isa = XCBuildConfiguration;
			buildSettings = {
				ALWAYS_EMBED_SWIFT_STANDARD_LIBRARIES = YES;
				BUNDLE_LOADER = "$(TEST_HOST)";
				CODE_SIGN_STYLE = Automatic;
				DEVELOPMENT_TEAM = 9SMXYTBRQ4;
				INFOPLIST_FILE = FlashCardAppTests/Info.plist;
				IPHONEOS_DEPLOYMENT_TARGET = 14.0;
				LD_RUNPATH_SEARCH_PATHS = (
					"$(inherited)",
					"@executable_path/Frameworks",
					"@loader_path/Frameworks",
				);
				PRODUCT_BUNDLE_IDENTIFIER = com.zisch.FlashCardAppTests;
				PRODUCT_NAME = "$(TARGET_NAME)";
				SWIFT_VERSION = 5.0;
				TARGETED_DEVICE_FAMILY = "1,2";
				TEST_HOST = "$(BUILT_PRODUCTS_DIR)/FlashCardApp.app/FlashCardApp";
			};
			name = Release;
		};
		6968A90F25A369F90091CCA2 /* Debug */ = {
			isa = XCBuildConfiguration;
			buildSettings = {
				ALWAYS_EMBED_SWIFT_STANDARD_LIBRARIES = YES;
				CODE_SIGN_STYLE = Automatic;
				DEVELOPMENT_TEAM = 9SMXYTBRQ4;
				INFOPLIST_FILE = FlashCardAppUITests/Info.plist;
				LD_RUNPATH_SEARCH_PATHS = (
					"$(inherited)",
					"@executable_path/Frameworks",
					"@loader_path/Frameworks",
				);
				PRODUCT_BUNDLE_IDENTIFIER = com.zisch.FlashCardAppUITests;
				PRODUCT_NAME = "$(TARGET_NAME)";
				SWIFT_VERSION = 5.0;
				TARGETED_DEVICE_FAMILY = "1,2";
				TEST_TARGET_NAME = FlashCardApp;
			};
			name = Debug;
		};
		6968A91025A369F90091CCA2 /* Release */ = {
			isa = XCBuildConfiguration;
			buildSettings = {
				ALWAYS_EMBED_SWIFT_STANDARD_LIBRARIES = YES;
				CODE_SIGN_STYLE = Automatic;
				DEVELOPMENT_TEAM = 9SMXYTBRQ4;
				INFOPLIST_FILE = FlashCardAppUITests/Info.plist;
				LD_RUNPATH_SEARCH_PATHS = (
					"$(inherited)",
					"@executable_path/Frameworks",
					"@loader_path/Frameworks",
				);
				PRODUCT_BUNDLE_IDENTIFIER = com.zisch.FlashCardAppUITests;
				PRODUCT_NAME = "$(TARGET_NAME)";
				SWIFT_VERSION = 5.0;
				TARGETED_DEVICE_FAMILY = "1,2";
				TEST_TARGET_NAME = FlashCardApp;
			};
			name = Release;
		};
/* End XCBuildConfiguration section */

/* Begin XCConfigurationList section */
		6968A8D925A369EA0091CCA2 /* Build configuration list for PBXProject "FlashCardApp" */ = {
			isa = XCConfigurationList;
			buildConfigurations = (
				6968A90625A369F90091CCA2 /* Debug */,
				6968A90725A369F90091CCA2 /* Release */,
			);
			defaultConfigurationIsVisible = 0;
			defaultConfigurationName = Release;
		};
		6968A90825A369F90091CCA2 /* Build configuration list for PBXNativeTarget "FlashCardApp" */ = {
			isa = XCConfigurationList;
			buildConfigurations = (
				6968A90925A369F90091CCA2 /* Debug */,
				6968A90A25A369F90091CCA2 /* Release */,
			);
			defaultConfigurationIsVisible = 0;
			defaultConfigurationName = Release;
		};
		6968A90B25A369F90091CCA2 /* Build configuration list for PBXNativeTarget "FlashCardAppTests" */ = {
			isa = XCConfigurationList;
			buildConfigurations = (
				6968A90C25A369F90091CCA2 /* Debug */,
				6968A90D25A369F90091CCA2 /* Release */,
			);
			defaultConfigurationIsVisible = 0;
			defaultConfigurationName = Release;
		};
		6968A90E25A369F90091CCA2 /* Build configuration list for PBXNativeTarget "FlashCardAppUITests" */ = {
			isa = XCConfigurationList;
			buildConfigurations = (
				6968A90F25A369F90091CCA2 /* Debug */,
				6968A91025A369F90091CCA2 /* Release */,
			);
			defaultConfigurationIsVisible = 0;
			defaultConfigurationName = Release;
		};
/* End XCConfigurationList section */

/* Begin XCVersionGroup section */
		6968A8EC25A369F80091CCA2 /* FlashCardApp.xcdatamodeld */ = {
			isa = XCVersionGroup;
			children = (
				6968A8ED25A369F80091CCA2 /* FlashCardApp.xcdatamodel */,
			);
			currentVersion = 6968A8ED25A369F80091CCA2 /* FlashCardApp.xcdatamodel */;
			path = FlashCardApp.xcdatamodeld;
			sourceTree = "<group>";
			versionGroupType = wrapper.xcdatamodel;
		};
/* End XCVersionGroup section */
	};
	rootObject = 6968A8D625A369EA0091CCA2 /* Project object */;
}
